// !$*UTF8*$!
{
	archiveVersion = 1;
	classes = {
	};
	objectVersion = 46;
	objects = {

/* Begin PBXBuildFile section */
		EA0D87F61D21B455004167E7 /* MSButtonNode.swift in Sources */ = {isa = PBXBuildFile; fileRef = EA0D87F51D21B455004167E7 /* MSButtonNode.swift */; };
		EA0D87F81D21C0CF004167E7 /* GameScene2.swift in Sources */ = {isa = PBXBuildFile; fileRef = EA0D87F71D21C0CF004167E7 /* GameScene2.swift */; };
		EA0D87FA1D21C121004167E7 /* GameScene1.swift in Sources */ = {isa = PBXBuildFile; fileRef = EA0D87F91D21C121004167E7 /* GameScene1.swift */; };
		EA0D88021D21D28E004167E7 /* Efectos.sks in Resources */ = {isa = PBXBuildFile; fileRef = EA0D88011D21D28E004167E7 /* Efectos.sks */; };
		EA487C0F1D21B1BC007FD13F /* AppDelegate.swift in Sources */ = {isa = PBXBuildFile; fileRef = EA487C0E1D21B1BC007FD13F /* AppDelegate.swift */; };
		EA487C111D21B1BC007FD13F /* GameScene1.sks in Resources */ = {isa = PBXBuildFile; fileRef = EA487C101D21B1BC007FD13F /* GameScene1.sks */; };
		EA487C151D21B1BC007FD13F /* GameViewController.swift in Sources */ = {isa = PBXBuildFile; fileRef = EA487C141D21B1BC007FD13F /* GameViewController.swift */; };
		EA487C181D21B1BC007FD13F /* Main.storyboard in Resources */ = {isa = PBXBuildFile; fileRef = EA487C161D21B1BC007FD13F /* Main.storyboard */; };
		EA487C1A1D21B1BC007FD13F /* Assets.xcassets in Resources */ = {isa = PBXBuildFile; fileRef = EA487C191D21B1BC007FD13F /* Assets.xcassets */; };
		EA487C1D1D21B1BC007FD13F /* LaunchScreen.storyboard in Resources */ = {isa = PBXBuildFile; fileRef = EA487C1B1D21B1BC007FD13F /* LaunchScreen.storyboard */; };
		EA487C281D21B1BC007FD13F /* MioTests.swift in Sources */ = {isa = PBXBuildFile; fileRef = EA487C271D21B1BC007FD13F /* MioTests.swift */; };
		EA487C331D21B1BC007FD13F /* MioUITests.swift in Sources */ = {isa = PBXBuildFile; fileRef = EA487C321D21B1BC007FD13F /* MioUITests.swift */; };
/* End PBXBuildFile section */

/* Begin PBXContainerItemProxy section */
		EA487C241D21B1BC007FD13F /* PBXContainerItemProxy */ = {
			isa = PBXContainerItemProxy;
			containerPortal = EA487C031D21B1BC007FD13F /* Project object */;
			proxyType = 1;
			remoteGlobalIDString = EA487C0A1D21B1BC007FD13F;
			remoteInfo = Mio;
		};
		EA487C2F1D21B1BC007FD13F /* PBXContainerItemProxy */ = {
			isa = PBXContainerItemProxy;
			containerPortal = EA487C031D21B1BC007FD13F /* Project object */;
			proxyType = 1;
			remoteGlobalIDString = EA487C0A1D21B1BC007FD13F;
			remoteInfo = Mio;
		};
/* End PBXContainerItemProxy section */

/* Begin PBXFileReference section */
		EA0D87F51D21B455004167E7 /* MSButtonNode.swift */ = {isa = PBXFileReference; fileEncoding = 4; lastKnownFileType = sourcecode.swift; path = MSButtonNode.swift; sourceTree = "<group>"; };
		EA0D87F71D21C0CF004167E7 /* GameScene2.swift */ = {isa = PBXFileReference; fileEncoding = 4; lastKnownFileType = sourcecode.swift; path = GameScene2.swift; sourceTree = "<group>"; };
		EA0D87F91D21C121004167E7 /* GameScene1.swift */ = {isa = PBXFileReference; fileEncoding = 4; lastKnownFileType = sourcecode.swift; path = GameScene1.swift; sourceTree = "<group>"; };
		EA0D88011D21D28E004167E7 /* Efectos.sks */ = {isa = PBXFileReference; lastKnownFileType = file.sks; name = Efectos.sks; path = ../Efectos.sks; sourceTree = "<group>"; };
		EA487C0B1D21B1BC007FD13F /* The Business Game.app */ = {isa = PBXFileReference; explicitFileType = wrapper.application; includeInIndex = 0; path = "The Business Game.app"; sourceTree = BUILT_PRODUCTS_DIR; };
		EA487C0E1D21B1BC007FD13F /* AppDelegate.swift */ = {isa = PBXFileReference; lastKnownFileType = sourcecode.swift; path = AppDelegate.swift; sourceTree = "<group>"; };
		EA487C101D21B1BC007FD13F /* GameScene1.sks */ = {isa = PBXFileReference; lastKnownFileType = file.sks; path = GameScene1.sks; sourceTree = "<group>"; };
		EA487C141D21B1BC007FD13F /* GameViewController.swift */ = {isa = PBXFileReference; lastKnownFileType = sourcecode.swift; path = GameViewController.swift; sourceTree = "<group>"; };
		EA487C171D21B1BC007FD13F /* Base */ = {isa = PBXFileReference; lastKnownFileType = file.storyboard; name = Base; path = Base.lproj/Main.storyboard; sourceTree = "<group>"; };
		EA487C191D21B1BC007FD13F /* Assets.xcassets */ = {isa = PBXFileReference; lastKnownFileType = folder.assetcatalog; path = Assets.xcassets; sourceTree = "<group>"; };
		EA487C1C1D21B1BC007FD13F /* Base */ = {isa = PBXFileReference; lastKnownFileType = file.storyboard; name = Base; path = Base.lproj/LaunchScreen.storyboard; sourceTree = "<group>"; };
		EA487C1E1D21B1BC007FD13F /* Info.plist */ = {isa = PBXFileReference; lastKnownFileType = text.plist.xml; path = Info.plist; sourceTree = "<group>"; };
		EA487C231D21B1BC007FD13F /* The Business Game.xctest */ = {isa = PBXFileReference; explicitFileType = wrapper.cfbundle; includeInIndex = 0; path = "The Business Game.xctest"; sourceTree = BUILT_PRODUCTS_DIR; };
		EA487C271D21B1BC007FD13F /* MioTests.swift */ = {isa = PBXFileReference; lastKnownFileType = sourcecode.swift; path = MioTests.swift; sourceTree = "<group>"; };
		EA487C291D21B1BC007FD13F /* Info.plist */ = {isa = PBXFileReference; lastKnownFileType = text.plist.xml; path = Info.plist; sourceTree = "<group>"; };
		EA487C2E1D21B1BC007FD13F /* The Business Game.xctest */ = {isa = PBXFileReference; explicitFileType = wrapper.cfbundle; includeInIndex = 0; path = "The Business Game.xctest"; sourceTree = BUILT_PRODUCTS_DIR; };
		EA487C321D21B1BC007FD13F /* MioUITests.swift */ = {isa = PBXFileReference; lastKnownFileType = sourcecode.swift; path = MioUITests.swift; sourceTree = "<group>"; };
		EA487C341D21B1BC007FD13F /* Info.plist */ = {isa = PBXFileReference; lastKnownFileType = text.plist.xml; path = Info.plist; sourceTree = "<group>"; };
/* End PBXFileReference section */

/* Begin PBXFrameworksBuildPhase section */
		EA487C081D21B1BC007FD13F /* Frameworks */ = {
			isa = PBXFrameworksBuildPhase;
			buildActionMask = 2147483647;
			files = (
			);
			runOnlyForDeploymentPostprocessing = 0;
		};
		EA487C201D21B1BC007FD13F /* Frameworks */ = {
			isa = PBXFrameworksBuildPhase;
			buildActionMask = 2147483647;
			files = (
			);
			runOnlyForDeploymentPostprocessing = 0;
		};
		EA487C2B1D21B1BC007FD13F /* Frameworks */ = {
			isa = PBXFrameworksBuildPhase;
			buildActionMask = 2147483647;
			files = (
			);
			runOnlyForDeploymentPostprocessing = 0;
		};
/* End PBXFrameworksBuildPhase section */

/* Begin PBXGroup section */
		EA0D87FB1D21C15C004167E7 /* SKS */ = {
			isa = PBXGroup;
			children = (
				EA487C101D21B1BC007FD13F /* GameScene1.sks */,
			);
			name = SKS;
			sourceTree = "<group>";
		};
		EA0D87FC1D21C165004167E7 /* GS */ = {
			isa = PBXGroup;
			children = (
				EA0D87F91D21C121004167E7 /* GameScene1.swift */,
				EA0D87F71D21C0CF004167E7 /* GameScene2.swift */,
			);
			name = GS;
			sourceTree = "<group>";
		};
		EA487C021D21B1BC007FD13F = {
			isa = PBXGroup;
			children = (
				EA487C0D1D21B1BC007FD13F /* Mio */,
				EA487C261D21B1BC007FD13F /* MioTests */,
				EA487C311D21B1BC007FD13F /* MioUITests */,
				EA487C0C1D21B1BC007FD13F /* Products */,
			);
			sourceTree = "<group>";
		};
		EA487C0C1D21B1BC007FD13F /* Products */ = {
			isa = PBXGroup;
			children = (
				EA487C0B1D21B1BC007FD13F /* The Business Game.app */,
				EA487C231D21B1BC007FD13F /* The Business Game.xctest */,
				EA487C2E1D21B1BC007FD13F /* The Business Game.xctest */,
			);
			name = Products;
			sourceTree = "<group>";
		};
		EA487C0D1D21B1BC007FD13F /* Mio */ = {
			isa = PBXGroup;
			children = (
				EA0D87FB1D21C15C004167E7 /* SKS */,
				EA0D87FC1D21C165004167E7 /* GS */,
				EA487C141D21B1BC007FD13F /* GameViewController.swift */,
				EA487C0E1D21B1BC007FD13F /* AppDelegate.swift */,
				EA487C161D21B1BC007FD13F /* Main.storyboard */,
				EA487C191D21B1BC007FD13F /* Assets.xcassets */,
				EA487C1B1D21B1BC007FD13F /* LaunchScreen.storyboard */,
				EA487C1E1D21B1BC007FD13F /* Info.plist */,
				EA0D88011D21D28E004167E7 /* Efectos.sks */,
				EA0D87F51D21B455004167E7 /* MSButtonNode.swift */,
			);
			path = Mio;
			sourceTree = "<group>";
		};
		EA487C261D21B1BC007FD13F /* MioTests */ = {
			isa = PBXGroup;
			children = (
				EA487C271D21B1BC007FD13F /* MioTests.swift */,
				EA487C291D21B1BC007FD13F /* Info.plist */,
			);
			path = MioTests;
			sourceTree = "<group>";
		};
		EA487C311D21B1BC007FD13F /* MioUITests */ = {
			isa = PBXGroup;
			children = (
				EA487C321D21B1BC007FD13F /* MioUITests.swift */,
				EA487C341D21B1BC007FD13F /* Info.plist */,
			);
			path = MioUITests;
			sourceTree = "<group>";
		};
/* End PBXGroup section */

/* Begin PBXNativeTarget section */
		EA487C0A1D21B1BC007FD13F /* The Business Game */ = {
			isa = PBXNativeTarget;
			buildConfigurationList = EA487C371D21B1BC007FD13F /* Build configuration list for PBXNativeTarget "The Business Game" */;
			buildPhases = (
				EA487C071D21B1BC007FD13F /* Sources */,
				EA487C081D21B1BC007FD13F /* Frameworks */,
				EA487C091D21B1BC007FD13F /* Resources */,
			);
			buildRules = (
			);
			dependencies = (
			);
			name = "The Business Game";
			productName = Mio;
			productReference = EA487C0B1D21B1BC007FD13F /* The Business Game.app */;
			productType = "com.apple.product-type.application";
		};
		EA487C221D21B1BC007FD13F /* The Business GameTests */ = {
			isa = PBXNativeTarget;
			buildConfigurationList = EA487C3A1D21B1BC007FD13F /* Build configuration list for PBXNativeTarget "The Business GameTests" */;
			buildPhases = (
				EA487C1F1D21B1BC007FD13F /* Sources */,
				EA487C201D21B1BC007FD13F /* Frameworks */,
				EA487C211D21B1BC007FD13F /* Resources */,
			);
			buildRules = (
			);
			dependencies = (
				EA487C251D21B1BC007FD13F /* PBXTargetDependency */,
			);
			name = "The Business GameTests";
			productName = MioTests;
			productReference = EA487C231D21B1BC007FD13F /* The Business Game.xctest */;
			productType = "com.apple.product-type.bundle.unit-test";
		};
		EA487C2D1D21B1BC007FD13F /* The Business GameUITests */ = {
			isa = PBXNativeTarget;
			buildConfigurationList = EA487C3D1D21B1BC007FD13F /* Build configuration list for PBXNativeTarget "The Business GameUITests" */;
			buildPhases = (
				EA487C2A1D21B1BC007FD13F /* Sources */,
				EA487C2B1D21B1BC007FD13F /* Frameworks */,
				EA487C2C1D21B1BC007FD13F /* Resources */,
			);
			buildRules = (
			);
			dependencies = (
				EA487C301D21B1BC007FD13F /* PBXTargetDependency */,
			);
			name = "The Business GameUITests";
			productName = MioUITests;
			productReference = EA487C2E1D21B1BC007FD13F /* The Business Game.xctest */;
			productType = "com.apple.product-type.bundle.ui-testing";
		};
/* End PBXNativeTarget section */

/* Begin PBXProject section */
		EA487C031D21B1BC007FD13F /* Project object */ = {
			isa = PBXProject;
			attributes = {
				LastSwiftUpdateCheck = 0730;
				LastUpgradeCheck = 0730;
				ORGANIZATIONNAME = "Gonzalo Caballero";
				TargetAttributes = {
					EA487C0A1D21B1BC007FD13F = {
						CreatedOnToolsVersion = 7.3.1;
						DevelopmentTeam = 2R2X8Y69A9;
					};
					EA487C221D21B1BC007FD13F = {
						CreatedOnToolsVersion = 7.3.1;
						DevelopmentTeam = 2R2X8Y69A9;
						TestTargetID = EA487C0A1D21B1BC007FD13F;
					};
					EA487C2D1D21B1BC007FD13F = {
						CreatedOnToolsVersion = 7.3.1;
						DevelopmentTeam = 2R2X8Y69A9;
						TestTargetID = EA487C0A1D21B1BC007FD13F;
					};
				};
			};
			buildConfigurationList = EA487C061D21B1BC007FD13F /* Build configuration list for PBXProject "The Business Game" */;
			compatibilityVersion = "Xcode 3.2";
			developmentRegion = English;
			hasScannedForEncodings = 0;
			knownRegions = (
				en,
				Base,
			);
			mainGroup = EA487C021D21B1BC007FD13F;
			productRefGroup = EA487C0C1D21B1BC007FD13F /* Products */;
			projectDirPath = "";
			projectRoot = "";
			targets = (
				EA487C0A1D21B1BC007FD13F /* The Business Game */,
				EA487C221D21B1BC007FD13F /* The Business GameTests */,
				EA487C2D1D21B1BC007FD13F /* The Business GameUITests */,
			);
		};
/* End PBXProject section */

/* Begin PBXResourcesBuildPhase section */
		EA487C091D21B1BC007FD13F /* Resources */ = {
			isa = PBXResourcesBuildPhase;
			buildActionMask = 2147483647;
			files = (
				EA487C111D21B1BC007FD13F /* GameScene1.sks in Resources */,
				EA487C1D1D21B1BC007FD13F /* LaunchScreen.storyboard in Resources */,
				EA487C1A1D21B1BC007FD13F /* Assets.xcassets in Resources */,
				EA487C181D21B1BC007FD13F /* Main.storyboard in Resources */,
				EA0D88021D21D28E004167E7 /* Efectos.sks in Resources */,
			);
			runOnlyForDeploymentPostprocessing = 0;
		};
		EA487C211D21B1BC007FD13F /* Resources */ = {
			isa = PBXResourcesBuildPhase;
			buildActionMask = 2147483647;
			files = (
			);
			runOnlyForDeploymentPostprocessing = 0;
		};
		EA487C2C1D21B1BC007FD13F /* Resources */ = {
			isa = PBXResourcesBuildPhase;
			buildActionMask = 2147483647;
			files = (
			);
			runOnlyForDeploymentPostprocessing = 0;
		};
/* End PBXResourcesBuildPhase section */

/* Begin PBXSourcesBuildPhase section */
		EA487C071D21B1BC007FD13F /* Sources */ = {
			isa = PBXSourcesBuildPhase;
			buildActionMask = 2147483647;
			files = (
				EA487C151D21B1BC007FD13F /* GameViewController.swift in Sources */,
				EA487C0F1D21B1BC007FD13F /* AppDelegate.swift in Sources */,
				EA0D87F81D21C0CF004167E7 /* GameScene2.swift in Sources */,
				EA0D87FA1D21C121004167E7 /* GameScene1.swift in Sources */,
				EA0D87F61D21B455004167E7 /* MSButtonNode.swift in Sources */,
			);
			runOnlyForDeploymentPostprocessing = 0;
		};
		EA487C1F1D21B1BC007FD13F /* Sources */ = {
			isa = PBXSourcesBuildPhase;
			buildActionMask = 2147483647;
			files = (
				EA487C281D21B1BC007FD13F /* MioTests.swift in Sources */,
			);
			runOnlyForDeploymentPostprocessing = 0;
		};
		EA487C2A1D21B1BC007FD13F /* Sources */ = {
			isa = PBXSourcesBuildPhase;
			buildActionMask = 2147483647;
			files = (
				EA487C331D21B1BC007FD13F /* MioUITests.swift in Sources */,
			);
			runOnlyForDeploymentPostprocessing = 0;
		};
/* End PBXSourcesBuildPhase section */

/* Begin PBXTargetDependency section */
		EA487C251D21B1BC007FD13F /* PBXTargetDependency */ = {
			isa = PBXTargetDependency;
			target = EA487C0A1D21B1BC007FD13F /* The Business Game */;
			targetProxy = EA487C241D21B1BC007FD13F /* PBXContainerItemProxy */;
		};
		EA487C301D21B1BC007FD13F /* PBXTargetDependency */ = {
			isa = PBXTargetDependency;
			target = EA487C0A1D21B1BC007FD13F /* The Business Game */;
			targetProxy = EA487C2F1D21B1BC007FD13F /* PBXContainerItemProxy */;
		};
/* End PBXTargetDependency section */

/* Begin PBXVariantGroup section */
		EA487C161D21B1BC007FD13F /* Main.storyboard */ = {
			isa = PBXVariantGroup;
			children = (
				EA487C171D21B1BC007FD13F /* Base */,
			);
			name = Main.storyboard;
			sourceTree = "<group>";
		};
		EA487C1B1D21B1BC007FD13F /* LaunchScreen.storyboard */ = {
			isa = PBXVariantGroup;
			children = (
				EA487C1C1D21B1BC007FD13F /* Base */,
			);
			name = LaunchScreen.storyboard;
			sourceTree = "<group>";
		};
/* End PBXVariantGroup section */

/* Begin XCBuildConfiguration section */
		EA487C351D21B1BC007FD13F /* Debug */ = {
			isa = XCBuildConfiguration;
			buildSettings = {
				ALWAYS_SEARCH_USER_PATHS = NO;
				CLANG_ANALYZER_NONNULL = YES;
				CLANG_CXX_LANGUAGE_STANDARD = "gnu++0x";
				CLANG_CXX_LIBRARY = "libc++";
				CLANG_ENABLE_MODULES = YES;
				CLANG_ENABLE_OBJC_ARC = YES;
				CLANG_WARN_BOOL_CONVERSION = YES;
				CLANG_WARN_CONSTANT_CONVERSION = YES;
				CLANG_WARN_DIRECT_OBJC_ISA_USAGE = YES_ERROR;
				CLANG_WARN_EMPTY_BODY = YES;
				CLANG_WARN_ENUM_CONVERSION = YES;
				CLANG_WARN_INT_CONVERSION = YES;
				CLANG_WARN_OBJC_ROOT_CLASS = YES_ERROR;
				CLANG_WARN_UNREACHABLE_CODE = YES;
				CLANG_WARN__DUPLICATE_METHOD_MATCH = YES;
				"CODE_SIGN_IDENTITY[sdk=iphoneos*]" = "iPhone Developer";
				COPY_PHASE_STRIP = NO;
				DEBUG_INFORMATION_FORMAT = "dwarf-with-dsym";
				ENABLE_STRICT_OBJC_MSGSEND = YES;
				ENABLE_TESTABILITY = YES;
				GCC_C_LANGUAGE_STANDARD = gnu99;
				GCC_DYNAMIC_NO_PIC = NO;
				GCC_NO_COMMON_BLOCKS = YES;
				GCC_OPTIMIZATION_LEVEL = 0;
				GCC_PREPROCESSOR_DEFINITIONS = (
					"DEBUG=1",
					"$(inherited)",
				);
				GCC_WARN_64_TO_32_BIT_CONVERSION = YES;
				GCC_WARN_ABOUT_RETURN_TYPE = YES_ERROR;
				GCC_WARN_UNDECLARED_SELECTOR = YES;
				GCC_WARN_UNINITIALIZED_AUTOS = YES_AGGRESSIVE;
				GCC_WARN_UNUSED_FUNCTION = YES;
				GCC_WARN_UNUSED_VARIABLE = YES;
				IPHONEOS_DEPLOYMENT_TARGET = 9.3;
				MTL_ENABLE_DEBUG_INFO = YES;
				ONLY_ACTIVE_ARCH = YES;
				SDKROOT = iphoneos;
				SWIFT_OPTIMIZATION_LEVEL = "-Onone";
			};
			name = Debug;
		};
		EA487C361D21B1BC007FD13F /* Release */ = {
			isa = XCBuildConfiguration;
			buildSettings = {
				ALWAYS_SEARCH_USER_PATHS = NO;
				CLANG_ANALYZER_NONNULL = YES;
				CLANG_CXX_LANGUAGE_STANDARD = "gnu++0x";
				CLANG_CXX_LIBRARY = "libc++";
				CLANG_ENABLE_MODULES = YES;
				CLANG_ENABLE_OBJC_ARC = YES;
				CLANG_WARN_BOOL_CONVERSION = YES;
				CLANG_WARN_CONSTANT_CONVERSION = YES;
				CLANG_WARN_DIRECT_OBJC_ISA_USAGE = YES_ERROR;
				CLANG_WARN_EMPTY_BODY = YES;
				CLANG_WARN_ENUM_CONVERSION = YES;
				CLANG_WARN_INT_CONVERSION = YES;
				CLANG_WARN_OBJC_ROOT_CLASS = YES_ERROR;
				CLANG_WARN_UNREACHABLE_CODE = YES;
				CLANG_WARN__DUPLICATE_METHOD_MATCH = YES;
				"CODE_SIGN_IDENTITY[sdk=iphoneos*]" = "iPhone Developer";
				COPY_PHASE_STRIP = NO;
				DEBUG_INFORMATION_FORMAT = "dwarf-with-dsym";
				ENABLE_NS_ASSERTIONS = NO;
				ENABLE_STRICT_OBJC_MSGSEND = YES;
				GCC_C_LANGUAGE_STANDARD = gnu99;
				GCC_NO_COMMON_BLOCKS = YES;
				GCC_WARN_64_TO_32_BIT_CONVERSION = YES;
				GCC_WARN_ABOUT_RETURN_TYPE = YES_ERROR;
				GCC_WARN_UNDECLARED_SELECTOR = YES;
				GCC_WARN_UNINITIALIZED_AUTOS = YES_AGGRESSIVE;
				GCC_WARN_UNUSED_FUNCTION = YES;
				GCC_WARN_UNUSED_VARIABLE = YES;
				IPHONEOS_DEPLOYMENT_TARGET = 9.3;
				MTL_ENABLE_DEBUG_INFO = NO;
				SDKROOT = iphoneos;
				VALIDATE_PRODUCT = YES;
			};
			name = Release;
		};
		EA487C381D21B1BC007FD13F /* Debug */ = {
			isa = XCBuildConfiguration;
			buildSettings = {
				ASSETCATALOG_COMPILER_APPICON_NAME = AppIcon;
				INFOPLIST_FILE = Mio/Info.plist;
				LD_RUNPATH_SEARCH_PATHS = "$(inherited) @executable_path/Frameworks";
				PRODUCT_BUNDLE_IDENTIFIER = com.gonzalo.Mio;
				PRODUCT_NAME = "The Business Game";
			};
			name = Debug;
		};
		EA487C391D21B1BC007FD13F /* Release */ = {
			isa = XCBuildConfiguration;
			buildSettings = {
				ASSETCATALOG_COMPILER_APPICON_NAME = AppIcon;
				INFOPLIST_FILE = Mio/Info.plist;
				LD_RUNPATH_SEARCH_PATHS = "$(inherited) @executable_path/Frameworks";
				PRODUCT_BUNDLE_IDENTIFIER = com.gonzalo.Mio;
				PRODUCT_NAME = "The Business Game";
			};
			name = Release;
		};
		EA487C3B1D21B1BC007FD13F /* Debug */ = {
			isa = XCBuildConfiguration;
			buildSettings = {
				BUNDLE_LOADER = "$(TEST_HOST)";
				DEBUG_INFORMATION_FORMAT = dwarf;
				INFOPLIST_FILE = MioTests/Info.plist;
				LD_RUNPATH_SEARCH_PATHS = "$(inherited) @executable_path/Frameworks @loader_path/Frameworks";
				PRODUCT_BUNDLE_IDENTIFIER = com.gonzalo.MioTests;
				PRODUCT_NAME = "The Business Game";
				TEST_HOST = "$(BUILT_PRODUCTS_DIR)/The Business Game.app/The Business Game";
			};
			name = Debug;
		};
		EA487C3C1D21B1BC007FD13F /* Release */ = {
			isa = XCBuildConfiguration;
			buildSettings = {
				BUNDLE_LOADER = "$(TEST_HOST)";
				INFOPLIST_FILE = MioTests/Info.plist;
				LD_RUNPATH_SEARCH_PATHS = "$(inherited) @executable_path/Frameworks @loader_path/Frameworks";
				PRODUCT_BUNDLE_IDENTIFIER = com.gonzalo.MioTests;
				PRODUCT_NAME = "The Business Game";
				TEST_HOST = "$(BUILT_PRODUCTS_DIR)/The Business Game.app/The Business Game";
			};
			name = Release;
		};
		EA487C3E1D21B1BC007FD13F /* Debug */ = {
			isa = XCBuildConfiguration;
			buildSettings = {
				DEBUG_INFORMATION_FORMAT = dwarf;
				INFOPLIST_FILE = MioUITests/Info.plist;
				LD_RUNPATH_SEARCH_PATHS = "$(inherited) @executable_path/Frameworks @loader_path/Frameworks";
				PRODUCT_BUNDLE_IDENTIFIER = com.gonzalo.MioUITests;
				PRODUCT_NAME = "The Business Game";
				TEST_TARGET_NAME = Mio;
			};
			name = Debug;
		};
		EA487C3F1D21B1BC007FD13F /* Release */ = {
			isa = XCBuildConfiguration;
			buildSettings = {
				INFOPLIST_FILE = MioUITests/Info.plist;
				LD_RUNPATH_SEARCH_PATHS = "$(inherited) @executable_path/Frameworks @loader_path/Frameworks";
				PRODUCT_BUNDLE_IDENTIFIER = com.gonzalo.MioUITests;
				PRODUCT_NAME = "The Business Game";
				TEST_TARGET_NAME = Mio;
			};
			name = Release;
		};
/* End XCBuildConfiguration section */

/* Begin XCConfigurationList section */
		EA487C061D21B1BC007FD13F /* Build configuration list for PBXProject "The Business Game" */ = {
			isa = XCConfigurationList;
			buildConfigurations = (
				EA487C351D21B1BC007FD13F /* Debug */,
				EA487C361D21B1BC007FD13F /* Release */,
			);
			defaultConfigurationIsVisible = 0;
			defaultConfigurationName = Release;
		};
		EA487C371D21B1BC007FD13F /* Build configuration list for PBXNativeTarget "The Business Game" */ = {
			isa = XCConfigurationList;
			buildConfigurations = (
				EA487C381D21B1BC007FD13F /* Debug */,
				EA487C391D21B1BC007FD13F /* Release */,
			);
			defaultConfigurationIsVisible = 0;
			defaultConfigurationName = Release;
		};
		EA487C3A1D21B1BC007FD13F /* Build configuration list for PBXNativeTarget "The Business GameTests" */ = {
			isa = XCConfigurationList;
			buildConfigurations = (
				EA487C3B1D21B1BC007FD13F /* Debug */,
				EA487C3C1D21B1BC007FD13F /* Release */,
			);
			defaultConfigurationIsVisible = 0;
			defaultConfigurationName = Release;
		};
		EA487C3D1D21B1BC007FD13F /* Build configuration list for PBXNativeTarget "The Business GameUITests" */ = {
			isa = XCConfigurationList;
			buildConfigurations = (
				EA487C3E1D21B1BC007FD13F /* Debug */,
				EA487C3F1D21B1BC007FD13F /* Release */,
			);
			defaultConfigurationIsVisible = 0;
			defaultConfigurationName = Release;
		};
/* End XCConfigurationList section */
	};
	rootObject = EA487C031D21B1BC007FD13F /* Project object */;
}
